// !$*UTF8*$!
{
	archiveVersion = 1;
	classes = {
	};
	objectVersion = 46;
	objects = {

/* Begin PBXBuildFile section */
		01CABF5D1D7B22D500CB58C9 /* AppDelegate.swift in Sources */ = {isa = PBXBuildFile; fileRef = 01CABF5C1D7B22D500CB58C9 /* AppDelegate.swift */; };
		01CABF5F1D7B22D500CB58C9 /* MovieListViewController.swift in Sources */ = {isa = PBXBuildFile; fileRef = 01CABF5E1D7B22D500CB58C9 /* MovieListViewController.swift */; };
		01CABF621D7B22D500CB58C9 /* Main.storyboard in Resources */ = {isa = PBXBuildFile; fileRef = 01CABF601D7B22D500CB58C9 /* Main.storyboard */; };
		01CABF641D7B22D500CB58C9 /* Assets.xcassets in Resources */ = {isa = PBXBuildFile; fileRef = 01CABF631D7B22D500CB58C9 /* Assets.xcassets */; };
		01CABF671D7B22D500CB58C9 /* LaunchScreen.storyboard in Resources */ = {isa = PBXBuildFile; fileRef = 01CABF651D7B22D500CB58C9 /* LaunchScreen.storyboard */; };
		01CABF721D7B22D500CB58C9 /* TrendingMoviesTests.swift in Sources */ = {isa = PBXBuildFile; fileRef = 01CABF711D7B22D500CB58C9 /* TrendingMoviesTests.swift */; };
		01CABF7D1D7B2FC200CB58C9 /* Podfile in Resources */ = {isa = PBXBuildFile; fileRef = 01CABF7C1D7B2FC200CB58C9 /* Podfile */; };
		01CABF831D7B739600CB58C9 /* TrendingMoviesService.swift in Sources */ = {isa = PBXBuildFile; fileRef = 01CABF821D7B739600CB58C9 /* TrendingMoviesService.swift */; };
		01CABF891D7B92AC00CB58C9 /* VideoNetwork.swift in Sources */ = {isa = PBXBuildFile; fileRef = 01CABF881D7B92AC00CB58C9 /* VideoNetwork.swift */; };
		01CABF8C1D7C14D200CB58C9 /* Movie.swift in Sources */ = {isa = PBXBuildFile; fileRef = 01CABF8B1D7C14D200CB58C9 /* Movie.swift */; };
		9263778ECD73F3E47E3D8FA0 /* Pods_TrendingMovies.framework in Frameworks */ = {isa = PBXBuildFile; fileRef = 89BFA374DA304BC3F2B1ABF5 /* Pods_TrendingMovies.framework */; };
/* End PBXBuildFile section */

/* Begin PBXContainerItemProxy section */
		01CABF6E1D7B22D500CB58C9 /* PBXContainerItemProxy */ = {
			isa = PBXContainerItemProxy;
			containerPortal = 01CABF511D7B22D500CB58C9 /* Project object */;
			proxyType = 1;
			remoteGlobalIDString = 01CABF581D7B22D500CB58C9;
			remoteInfo = TrendingMovies;
		};
/* End PBXContainerItemProxy section */

/* Begin PBXFileReference section */
		01CABF591D7B22D500CB58C9 /* TrendingMovies.app */ = {isa = PBXFileReference; explicitFileType = wrapper.application; includeInIndex = 0; path = TrendingMovies.app; sourceTree = BUILT_PRODUCTS_DIR; };
		01CABF5C1D7B22D500CB58C9 /* AppDelegate.swift */ = {isa = PBXFileReference; lastKnownFileType = sourcecode.swift; path = AppDelegate.swift; sourceTree = "<group>"; };
		01CABF5E1D7B22D500CB58C9 /* MovieListViewController.swift */ = {isa = PBXFileReference; lastKnownFileType = sourcecode.swift; path = MovieListViewController.swift; sourceTree = "<group>"; };
		01CABF611D7B22D500CB58C9 /* Base */ = {isa = PBXFileReference; lastKnownFileType = file.storyboard; name = Base; path = Base.lproj/Main.storyboard; sourceTree = "<group>"; };
		01CABF631D7B22D500CB58C9 /* Assets.xcassets */ = {isa = PBXFileReference; lastKnownFileType = folder.assetcatalog; path = Assets.xcassets; sourceTree = "<group>"; };
		01CABF661D7B22D500CB58C9 /* Base */ = {isa = PBXFileReference; lastKnownFileType = file.storyboard; name = Base; path = Base.lproj/LaunchScreen.storyboard; sourceTree = "<group>"; };
		01CABF681D7B22D500CB58C9 /* Info.plist */ = {isa = PBXFileReference; lastKnownFileType = text.plist.xml; path = Info.plist; sourceTree = "<group>"; };
		01CABF6D1D7B22D500CB58C9 /* TrendingMoviesTests.xctest */ = {isa = PBXFileReference; explicitFileType = wrapper.cfbundle; includeInIndex = 0; path = TrendingMoviesTests.xctest; sourceTree = BUILT_PRODUCTS_DIR; };
		01CABF711D7B22D500CB58C9 /* TrendingMoviesTests.swift */ = {isa = PBXFileReference; lastKnownFileType = sourcecode.swift; path = TrendingMoviesTests.swift; sourceTree = "<group>"; };
		01CABF731D7B22D500CB58C9 /* Info.plist */ = {isa = PBXFileReference; lastKnownFileType = text.plist.xml; path = Info.plist; sourceTree = "<group>"; };
		01CABF7C1D7B2FC200CB58C9 /* Podfile */ = {isa = PBXFileReference; fileEncoding = 4; lastKnownFileType = text; path = Podfile; sourceTree = "<group>"; xcLanguageSpecificationIdentifier = xcode.lang.ruby; };
		01CABF821D7B739600CB58C9 /* TrendingMoviesService.swift */ = {isa = PBXFileReference; fileEncoding = 4; lastKnownFileType = sourcecode.swift; path = TrendingMoviesService.swift; sourceTree = "<group>"; };
		01CABF881D7B92AC00CB58C9 /* VideoNetwork.swift */ = {isa = PBXFileReference; fileEncoding = 4; lastKnownFileType = sourcecode.swift; path = VideoNetwork.swift; sourceTree = "<group>"; };
		01CABF8B1D7C14D200CB58C9 /* Movie.swift */ = {isa = PBXFileReference; fileEncoding = 4; lastKnownFileType = sourcecode.swift; path = Movie.swift; sourceTree = "<group>"; };
		047F064729EB88FB9CDCD698 /* Pods-TrendingMovies.release.xcconfig */ = {isa = PBXFileReference; includeInIndex = 1; lastKnownFileType = text.xcconfig; name = "Pods-TrendingMovies.release.xcconfig"; path = "Pods/Target Support Files/Pods-TrendingMovies/Pods-TrendingMovies.release.xcconfig"; sourceTree = "<group>"; };
		48C842F67B484ED0C94D5428 /* Pods.framework */ = {isa = PBXFileReference; explicitFileType = wrapper.framework; includeInIndex = 0; path = Pods.framework; sourceTree = BUILT_PRODUCTS_DIR; };
		63B3195BC3A3799044F65955 /* Pods-TrendingMovies.debug.xcconfig */ = {isa = PBXFileReference; includeInIndex = 1; lastKnownFileType = text.xcconfig; name = "Pods-TrendingMovies.debug.xcconfig"; path = "Pods/Target Support Files/Pods-TrendingMovies/Pods-TrendingMovies.debug.xcconfig"; sourceTree = "<group>"; };
		89BFA374DA304BC3F2B1ABF5 /* Pods_TrendingMovies.framework */ = {isa = PBXFileReference; explicitFileType = wrapper.framework; includeInIndex = 0; path = Pods_TrendingMovies.framework; sourceTree = BUILT_PRODUCTS_DIR; };
/* End PBXFileReference section */

/* Begin PBXFrameworksBuildPhase section */
		01CABF561D7B22D500CB58C9 /* Frameworks */ = {
			isa = PBXFrameworksBuildPhase;
			buildActionMask = 2147483647;
			files = (
				9263778ECD73F3E47E3D8FA0 /* Pods_TrendingMovies.framework in Frameworks */,
			);
			runOnlyForDeploymentPostprocessing = 0;
		};
		01CABF6A1D7B22D500CB58C9 /* Frameworks */ = {
			isa = PBXFrameworksBuildPhase;
			buildActionMask = 2147483647;
			files = (
			);
			runOnlyForDeploymentPostprocessing = 0;
		};
/* End PBXFrameworksBuildPhase section */

/* Begin PBXGroup section */
		01CABF501D7B22D500CB58C9 = {
			isa = PBXGroup;
			children = (
				01CABF7C1D7B2FC200CB58C9 /* Podfile */,
				01CABF5B1D7B22D500CB58C9 /* TrendingMovies */,
				01CABF701D7B22D500CB58C9 /* TrendingMoviesTests */,
				01CABF5A1D7B22D500CB58C9 /* Products */,
				04859B76349C6070A36FC6D1 /* Frameworks */,
				FCE8B3E2EEE89863BD028C3B /* Pods */,
			);
			sourceTree = "<group>";
		};
		01CABF5A1D7B22D500CB58C9 /* Products */ = {
			isa = PBXGroup;
			children = (
				01CABF591D7B22D500CB58C9 /* TrendingMovies.app */,
				01CABF6D1D7B22D500CB58C9 /* TrendingMoviesTests.xctest */,
			);
			name = Products;
			sourceTree = "<group>";
		};
		01CABF5B1D7B22D500CB58C9 /* TrendingMovies */ = {
			isa = PBXGroup;
			children = (
				01CABF5C1D7B22D500CB58C9 /* AppDelegate.swift */,
				01CABF8A1D7B92CD00CB58C9 /* Service */,
				01CABF5E1D7B22D500CB58C9 /* MovieListViewController.swift */,
				01CABF601D7B22D500CB58C9 /* Main.storyboard */,
				01CABF631D7B22D500CB58C9 /* Assets.xcassets */,
				01CABF651D7B22D500CB58C9 /* LaunchScreen.storyboard */,
				01CABF681D7B22D500CB58C9 /* Info.plist */,
			);
			path = TrendingMovies;
			sourceTree = "<group>";
		};
		01CABF701D7B22D500CB58C9 /* TrendingMoviesTests */ = {
			isa = PBXGroup;
			children = (
				01CABF711D7B22D500CB58C9 /* TrendingMoviesTests.swift */,
				01CABF731D7B22D500CB58C9 /* Info.plist */,
			);
			path = TrendingMoviesTests;
			sourceTree = "<group>";
		};
		01CABF8A1D7B92CD00CB58C9 /* Service */ = {
			isa = PBXGroup;
			children = (
				01CABF8B1D7C14D200CB58C9 /* Movie.swift */,
				01CABF821D7B739600CB58C9 /* TrendingMoviesService.swift */,
				01CABF881D7B92AC00CB58C9 /* VideoNetwork.swift */,
			);
			name = Service;
			sourceTree = "<group>";
		};
		04859B76349C6070A36FC6D1 /* Frameworks */ = {
			isa = PBXGroup;
			children = (
				48C842F67B484ED0C94D5428 /* Pods.framework */,
				89BFA374DA304BC3F2B1ABF5 /* Pods_TrendingMovies.framework */,
			);
			name = Frameworks;
			sourceTree = "<group>";
		};
		FCE8B3E2EEE89863BD028C3B /* Pods */ = {
			isa = PBXGroup;
			children = (
				63B3195BC3A3799044F65955 /* Pods-TrendingMovies.debug.xcconfig */,
				047F064729EB88FB9CDCD698 /* Pods-TrendingMovies.release.xcconfig */,
			);
			name = Pods;
			sourceTree = "<group>";
		};
/* End PBXGroup section */

/* Begin PBXNativeTarget section */
		01CABF581D7B22D500CB58C9 /* TrendingMovies */ = {
			isa = PBXNativeTarget;
			buildConfigurationList = 01CABF761D7B22D500CB58C9 /* Build configuration list for PBXNativeTarget "TrendingMovies" */;
			buildPhases = (
				CDE5D09DA45DB227B0CD2B9B /* Check Pods Manifest.lock */,
				01CABF551D7B22D500CB58C9 /* Sources */,
				01CABF561D7B22D500CB58C9 /* Frameworks */,
				01CABF571D7B22D500CB58C9 /* Resources */,
				FC18181947258B51F043785F /* Embed Pods Frameworks */,
				FB728972AD594DB4EAB9B708 /* Copy Pods Resources */,
			);
			buildRules = (
			);
			dependencies = (
			);
			name = TrendingMovies;
			productName = TrendingMovies;
			productReference = 01CABF591D7B22D500CB58C9 /* TrendingMovies.app */;
			productType = "com.apple.product-type.application";
		};
		01CABF6C1D7B22D500CB58C9 /* TrendingMoviesTests */ = {
			isa = PBXNativeTarget;
			buildConfigurationList = 01CABF791D7B22D500CB58C9 /* Build configuration list for PBXNativeTarget "TrendingMoviesTests" */;
			buildPhases = (
				01CABF691D7B22D500CB58C9 /* Sources */,
				01CABF6A1D7B22D500CB58C9 /* Frameworks */,
				01CABF6B1D7B22D500CB58C9 /* Resources */,
			);
			buildRules = (
			);
			dependencies = (
				01CABF6F1D7B22D500CB58C9 /* PBXTargetDependency */,
			);
			name = TrendingMoviesTests;
			productName = TrendingMoviesTests;
			productReference = 01CABF6D1D7B22D500CB58C9 /* TrendingMoviesTests.xctest */;
			productType = "com.apple.product-type.bundle.unit-test";
		};
/* End PBXNativeTarget section */

/* Begin PBXProject section */
		01CABF511D7B22D500CB58C9 /* Project object */ = {
			isa = PBXProject;
			attributes = {
				LastSwiftUpdateCheck = 0730;
				LastUpgradeCheck = 0730;
				ORGANIZATIONNAME = MarcinSteciuk;
				TargetAttributes = {
					01CABF581D7B22D500CB58C9 = {
						CreatedOnToolsVersion = 7.3.1;
					};
					01CABF6C1D7B22D500CB58C9 = {
						CreatedOnToolsVersion = 7.3.1;
						TestTargetID = 01CABF581D7B22D500CB58C9;
					};
				};
			};
			buildConfigurationList = 01CABF541D7B22D500CB58C9 /* Build configuration list for PBXProject "TrendingMovies" */;
			compatibilityVersion = "Xcode 3.2";
			developmentRegion = English;
			hasScannedForEncodings = 0;
			knownRegions = (
				en,
				Base,
			);
			mainGroup = 01CABF501D7B22D500CB58C9;
			productRefGroup = 01CABF5A1D7B22D500CB58C9 /* Products */;
			projectDirPath = "";
			projectRoot = "";
			targets = (
				01CABF581D7B22D500CB58C9 /* TrendingMovies */,
				01CABF6C1D7B22D500CB58C9 /* TrendingMoviesTests */,
			);
		};
/* End PBXProject section */

/* Begin PBXResourcesBuildPhase section */
		01CABF571D7B22D500CB58C9 /* Resources */ = {
			isa = PBXResourcesBuildPhase;
			buildActionMask = 2147483647;
			files = (
				01CABF671D7B22D500CB58C9 /* LaunchScreen.storyboard in Resources */,
				01CABF641D7B22D500CB58C9 /* Assets.xcassets in Resources */,
				01CABF7D1D7B2FC200CB58C9 /* Podfile in Resources */,
				01CABF621D7B22D500CB58C9 /* Main.storyboard in Resources */,
			);
			runOnlyForDeploymentPostprocessing = 0;
		};
		01CABF6B1D7B22D500CB58C9 /* Resources */ = {
			isa = PBXResourcesBuildPhase;
			buildActionMask = 2147483647;
			files = (
			);
			runOnlyForDeploymentPostprocessing = 0;
		};
/* End PBXResourcesBuildPhase section */

/* Begin PBXShellScriptBuildPhase section */
		CDE5D09DA45DB227B0CD2B9B /* Check Pods Manifest.lock */ = {
			isa = PBXShellScriptBuildPhase;
			buildActionMask = 2147483647;
			files = (
			);
			inputPaths = (
			);
			name = "Check Pods Manifest.lock";
			outputPaths = (
			);
			runOnlyForDeploymentPostprocessing = 0;
			shellPath = /bin/sh;
			shellScript = "diff \"${PODS_ROOT}/../Podfile.lock\" \"${PODS_ROOT}/Manifest.lock\" > /dev/null\nif [[ $? != 0 ]] ; then\n    cat << EOM\nerror: The sandbox is not in sync with the Podfile.lock. Run 'pod install' or update your CocoaPods installation.\nEOM\n    exit 1\nfi\n";
			showEnvVarsInLog = 0;
		};
		FB728972AD594DB4EAB9B708 /* Copy Pods Resources */ = {
			isa = PBXShellScriptBuildPhase;
			buildActionMask = 2147483647;
			files = (
			);
			inputPaths = (
			);
			name = "Copy Pods Resources";
			outputPaths = (
			);
			runOnlyForDeploymentPostprocessing = 0;
			shellPath = /bin/sh;
			shellScript = "\"${SRCROOT}/Pods/Target Support Files/Pods-TrendingMovies/Pods-TrendingMovies-resources.sh\"\n";
			showEnvVarsInLog = 0;
		};
		FC18181947258B51F043785F /* Embed Pods Frameworks */ = {
			isa = PBXShellScriptBuildPhase;
			buildActionMask = 2147483647;
			files = (
			);
			inputPaths = (
			);
			name = "Embed Pods Frameworks";
			outputPaths = (
			);
			runOnlyForDeploymentPostprocessing = 0;
			shellPath = /bin/sh;
			shellScript = "\"${SRCROOT}/Pods/Target Support Files/Pods-TrendingMovies/Pods-TrendingMovies-frameworks.sh\"\n";
			showEnvVarsInLog = 0;
		};
/* End PBXShellScriptBuildPhase section */

/* Begin PBXSourcesBuildPhase section */
		01CABF551D7B22D500CB58C9 /* Sources */ = {
			isa = PBXSourcesBuildPhase;
			buildActionMask = 2147483647;
			files = (
				01CABF5F1D7B22D500CB58C9 /* MovieListViewController.swift in Sources */,
				01CABF5D1D7B22D500CB58C9 /* AppDelegate.swift in Sources */,
				01CABF891D7B92AC00CB58C9 /* VideoNetwork.swift in Sources */,
				01CABF831D7B739600CB58C9 /* TrendingMoviesService.swift in Sources */,
				01CABF8C1D7C14D200CB58C9 /* Movie.swift in Sources */,
			);
			runOnlyForDeploymentPostprocessing = 0;
		};
		01CABF691D7B22D500CB58C9 /* Sources */ = {
			isa = PBXSourcesBuildPhase;
			buildActionMask = 2147483647;
			files = (
				01CABF721D7B22D500CB58C9 /* TrendingMoviesTests.swift in Sources */,
			);
			runOnlyForDeploymentPostprocessing = 0;
		};
/* End PBXSourcesBuildPhase section */

/* Begin PBXTargetDependency section */
		01CABF6F1D7B22D500CB58C9 /* PBXTargetDependency */ = {
			isa = PBXTargetDependency;
			target = 01CABF581D7B22D500CB58C9 /* TrendingMovies */;
			targetProxy = 01CABF6E1D7B22D500CB58C9 /* PBXContainerItemProxy */;
		};
/* End PBXTargetDependency section */

/* Begin PBXVariantGroup section */
		01CABF601D7B22D500CB58C9 /* Main.storyboard */ = {
			isa = PBXVariantGroup;
			children = (
				01CABF611D7B22D500CB58C9 /* Base */,
			);
			name = Main.storyboard;
			sourceTree = "<group>";
		};
		01CABF651D7B22D500CB58C9 /* LaunchScreen.storyboard */ = {
			isa = PBXVariantGroup;
			children = (
				01CABF661D7B22D500CB58C9 /* Base */,
			);
			name = LaunchScreen.storyboard;
			sourceTree = "<group>";
		};
/* End PBXVariantGroup section */

/* Begin XCBuildConfiguration section */
		01CABF741D7B22D500CB58C9 /* Debug */ = {
			isa = XCBuildConfiguration;
			buildSettings = {
				ALWAYS_SEARCH_USER_PATHS = NO;
				CLANG_ANALYZER_NONNULL = YES;
				CLANG_CXX_LANGUAGE_STANDARD = "gnu++0x";
				CLANG_CXX_LIBRARY = "libc++";
				CLANG_ENABLE_MODULES = YES;
				CLANG_ENABLE_OBJC_ARC = YES;
				CLANG_WARN_BOOL_CONVERSION = YES;
				CLANG_WARN_CONSTANT_CONVERSION = YES;
				CLANG_WARN_DIRECT_OBJC_ISA_USAGE = YES_ERROR;
				CLANG_WARN_EMPTY_BODY = YES;
				CLANG_WARN_ENUM_CONVERSION = YES;
				CLANG_WARN_INT_CONVERSION = YES;
				CLANG_WARN_OBJC_ROOT_CLASS = YES_ERROR;
				CLANG_WARN_UNREACHABLE_CODE = YES;
				CLANG_WARN__DUPLICATE_METHOD_MATCH = YES;
				"CODE_SIGN_IDENTITY[sdk=iphoneos*]" = "iPhone Developer";
				COPY_PHASE_STRIP = NO;
				DEBUG_INFORMATION_FORMAT = dwarf;
				ENABLE_STRICT_OBJC_MSGSEND = YES;
				ENABLE_TESTABILITY = YES;
				GCC_C_LANGUAGE_STANDARD = gnu99;
				GCC_DYNAMIC_NO_PIC = NO;
				GCC_NO_COMMON_BLOCKS = YES;
				GCC_OPTIMIZATION_LEVEL = 0;
				GCC_PREPROCESSOR_DEFINITIONS = (
					"DEBUG=1",
					"$(inherited)",
				);
				GCC_WARN_64_TO_32_BIT_CONVERSION = YES;
				GCC_WARN_ABOUT_RETURN_TYPE = YES_ERROR;
				GCC_WARN_UNDECLARED_SELECTOR = YES;
				GCC_WARN_UNINITIALIZED_AUTOS = YES_AGGRESSIVE;
				GCC_WARN_UNUSED_FUNCTION = YES;
				GCC_WARN_UNUSED_VARIABLE = YES;
				IPHONEOS_DEPLOYMENT_TARGET = 9.3;
				MTL_ENABLE_DEBUG_INFO = YES;
				ONLY_ACTIVE_ARCH = YES;
				SDKROOT = iphoneos;
				SWIFT_OPTIMIZATION_LEVEL = "-Onone";
			};
			name = Debug;
		};
		01CABF751D7B22D500CB58C9 /* Release */ = {
			isa = XCBuildConfiguration;
			buildSettings = {
				ALWAYS_SEARCH_USER_PATHS = NO;
				CLANG_ANALYZER_NONNULL = YES;
				CLANG_CXX_LANGUAGE_STANDARD = "gnu++0x";
				CLANG_CXX_LIBRARY = "libc++";
				CLANG_ENABLE_MODULES = YES;
				CLANG_ENABLE_OBJC_ARC = YES;
				CLANG_WARN_BOOL_CONVERSION = YES;
				CLANG_WARN_CONSTANT_CONVERSION = YES;
				CLANG_WARN_DIRECT_OBJC_ISA_USAGE = YES_ERROR;
				CLANG_WARN_EMPTY_BODY = YES;
				CLANG_WARN_ENUM_CONVERSION = YES;
				CLANG_WARN_INT_CONVERSION = YES;
				CLANG_WARN_OBJC_ROOT_CLASS = YES_ERROR;
				CLANG_WARN_UNREACHABLE_CODE = YES;
				CLANG_WARN__DUPLICATE_METHOD_MATCH = YES;
				"CODE_SIGN_IDENTITY[sdk=iphoneos*]" = "iPhone Developer";
				COPY_PHASE_STRIP = NO;
				DEBUG_INFORMATION_FORMAT = "dwarf-with-dsym";
				ENABLE_NS_ASSERTIONS = NO;
				ENABLE_STRICT_OBJC_MSGSEND = YES;
				GCC_C_LANGUAGE_STANDARD = gnu99;
				GCC_NO_COMMON_BLOCKS = YES;
				GCC_WARN_64_TO_32_BIT_CONVERSION = YES;
				GCC_WARN_ABOUT_RETURN_TYPE = YES_ERROR;
				GCC_WARN_UNDECLARED_SELECTOR = YES;
				GCC_WARN_UNINITIALIZED_AUTOS = YES_AGGRESSIVE;
				GCC_WARN_UNUSED_FUNCTION = YES;
				GCC_WARN_UNUSED_VARIABLE = YES;
				IPHONEOS_DEPLOYMENT_TARGET = 9.3;
				MTL_ENABLE_DEBUG_INFO = NO;
				SDKROOT = iphoneos;
				VALIDATE_PRODUCT = YES;
			};
			name = Release;
		};
		01CABF771D7B22D500CB58C9 /* Debug */ = {
			isa = XCBuildConfiguration;
			baseConfigurationReference = 63B3195BC3A3799044F65955 /* Pods-TrendingMovies.debug.xcconfig */;
			buildSettings = {
				ASSETCATALOG_COMPILER_APPICON_NAME = AppIcon;
				INFOPLIST_FILE = TrendingMovies/Info.plist;
				LD_RUNPATH_SEARCH_PATHS = "$(inherited) @executable_path/Frameworks";
				PRODUCT_BUNDLE_IDENTIFIER = com.marcins.TrendingMovies;
				PRODUCT_NAME = "$(TARGET_NAME)";
			};
			name = Debug;
		};
		01CABF781D7B22D500CB58C9 /* Release */ = {
			isa = XCBuildConfiguration;
			baseConfigurationReference = 047F064729EB88FB9CDCD698 /* Pods-TrendingMovies.release.xcconfig */;
			buildSettings = {
				ASSETCATALOG_COMPILER_APPICON_NAME = AppIcon;
				INFOPLIST_FILE = TrendingMovies/Info.plist;
				LD_RUNPATH_SEARCH_PATHS = "$(inherited) @executable_path/Frameworks";
				PRODUCT_BUNDLE_IDENTIFIER = com.marcins.TrendingMovies;
				PRODUCT_NAME = "$(TARGET_NAME)";
			};
			name = Release;
		};
		01CABF7A1D7B22D500CB58C9 /* Debug */ = {
			isa = XCBuildConfiguration;
			buildSettings = {
				BUNDLE_LOADER = "$(TEST_HOST)";
				INFOPLIST_FILE = TrendingMoviesTests/Info.plist;
				LD_RUNPATH_SEARCH_PATHS = "$(inherited) @executable_path/Frameworks @loader_path/Frameworks";
				PRODUCT_BUNDLE_IDENTIFIER = co.marcins.TrendingMoviesTests;
				PRODUCT_NAME = "$(TARGET_NAME)";
				TEST_HOST = "$(BUILT_PRODUCTS_DIR)/TrendingMovies.app/TrendingMovies";
			};
			name = Debug;
		};
		01CABF7B1D7B22D500CB58C9 /* Release */ = {
			isa = XCBuildConfiguration;
			buildSettings = {
				BUNDLE_LOADER = "$(TEST_HOST)";
				INFOPLIST_FILE = TrendingMoviesTests/Info.plist;
				LD_RUNPATH_SEARCH_PATHS = "$(inherited) @executable_path/Frameworks @loader_path/Frameworks";
				PRODUCT_BUNDLE_IDENTIFIER = co.marcins.TrendingMoviesTests;
				PRODUCT_NAME = "$(TARGET_NAME)";
				TEST_HOST = "$(BUILT_PRODUCTS_DIR)/TrendingMovies.app/TrendingMovies";
			};
			name = Release;
		};
/* End XCBuildConfiguration section */

/* Begin XCConfigurationList section */
		01CABF541D7B22D500CB58C9 /* Build configuration list for PBXProject "TrendingMovies" */ = {
			isa = XCConfigurationList;
			buildConfigurations = (
				01CABF741D7B22D500CB58C9 /* Debug */,
				01CABF751D7B22D500CB58C9 /* Release */,
			);
			defaultConfigurationIsVisible = 0;
			defaultConfigurationName = Release;
		};
		01CABF761D7B22D500CB58C9 /* Build configuration list for PBXNativeTarget "TrendingMovies" */ = {
			isa = XCConfigurationList;
			buildConfigurations = (
				01CABF771D7B22D500CB58C9 /* Debug */,
				01CABF781D7B22D500CB58C9 /* Release */,
			);
			defaultConfigurationIsVisible = 0;
			defaultConfigurationName = Release;
		};
		01CABF791D7B22D500CB58C9 /* Build configuration list for PBXNativeTarget "TrendingMoviesTests" */ = {
			isa = XCConfigurationList;
			buildConfigurations = (
				01CABF7A1D7B22D500CB58C9 /* Debug */,
				01CABF7B1D7B22D500CB58C9 /* Release */,
			);
			defaultConfigurationIsVisible = 0;
			defaultConfigurationName = Release;
		};
/* End XCConfigurationList section */
	};
	rootObject = 01CABF511D7B22D500CB58C9 /* Project object */;
}
